id: eclypse_z7_qr_source
label: Eclypse Z7 QR Source
category: Eclypse Z7

parameters:
  - id: addr
    label: Address
    dtype: string
    default: 192.168.1.100
  - id: port
    label: Port
    dtype: int
    default: 1001
  - id:  baseband
    label: Baseband Frequency
    dtype: real
    default: 47000000
  - id: rate
    label: Sample Rate
    dtype: int
    default: 100000
  - id: corr
    label: Freq. Correction ppm
    dtype: real
    default: 0

outputs:
  - domain: stream
    dtype: complex

templates:
  imports: import eclypse_z7_qr
  make: eclypse_z7_qr.source(${addr}, ${port}, ${baseband}, ${rate}, ${corr})
  callbacks:
    - set_freq(${baseband}, ${corr})
    - set_rate(${rate})

file_format: 1
